
Microsoft Visual Studio Solution File, Format Version 12.00
# Visual Studio Version 17
VisualStudioVersion = 17.8.34525.116
MinimumVisualStudioVersion = 10.0.40219.1
Project("{9A19103F-16F7-4668-BE54-9A1E7A4F7556}") = "TestingDynamicEditableTable", "TestingDynamicEditableTable\TestingDynamicEditableTable.csproj", "{C63890E6-AE85-4768-A330-7A9F110F0D55}"
EndProject
Global
	GlobalSection(SolutionConfigurationPlatforms) = preSolution
		Debug|Any CPU = Debug|Any CPU
		Release|Any CPU = Release|Any CPU
	EndGlobalSection
	GlobalSection(ProjectConfigurationPlatforms) = postSolution
		{C63890E6-AE85-4768-A330-7A9F110F0D55}.Debug|Any CPU.ActiveCfg = Debug|Any CPU
		{C63890E6-AE85-4768-A330-7A9F110F0D55}.Debug|Any CPU.Build.0 = Debug|Any CPU
		{C63890E6-AE85-4768-A330-7A9F110F0D55}.Release|Any CPU.ActiveCfg = Release|Any CPU
		{C63890E6-AE85-4768-A330-7A9F110F0D55}.Release|Any CPU.Build.0 = Release|Any CPU
	EndGlobalSection
	GlobalSection(SolutionProperties) = preSolution
		HideSolutionNode = FALSE
	EndGlobalSection
	GlobalSection(ExtensibilityGlobals) = postSolution
		SolutionGuid = {B02E03AE-B8E0-4E45-A387-356E1ADBA3B6}
	EndGlobalSection
EndGlobal
